// !$*UTF8*$!
{
	archiveVersion = 1;
	classes = {
	};
	objectVersion = 46;
	objects = {

/* Begin PBXBuildFile section */
		441E9FE11E0AA02D0000B277 /* earthShader.fsh in CopyFiles */ = {isa = PBXBuildFile; fileRef = 441E9FDF1E0AA01F0000B277 /* earthShader.fsh */; };
		441E9FE21E0AA02D0000B277 /* earthShader.vsh in CopyFiles */ = {isa = PBXBuildFile; fileRef = 441E9FE01E0AA01F0000B277 /* earthShader.vsh */; };
		444A96B11E0A99B10052CC06 /* sunShader.fsh in CopyFiles */ = {isa = PBXBuildFile; fileRef = 444A96AB1E0A99A30052CC06 /* sunShader.fsh */; };
		444A96B21E0A99B10052CC06 /* sunShader.vsh in CopyFiles */ = {isa = PBXBuildFile; fileRef = 444A96AC1E0A99A30052CC06 /* sunShader.vsh */; };
		444A96B31E0A99B10052CC06 /* universeShader.fsh in CopyFiles */ = {isa = PBXBuildFile; fileRef = 444A96AD1E0A99A30052CC06 /* universeShader.fsh */; };
		444A96B41E0A99B10052CC06 /* universeShader.vsh in CopyFiles */ = {isa = PBXBuildFile; fileRef = 444A96AE1E0A99A30052CC06 /* universeShader.vsh */; };
		44BD968D1DC9CFF900635405 /* imageloader.cpp in Sources */ = {isa = PBXBuildFile; fileRef = 44BD968A1DC9CFF900635405 /* imageloader.cpp */; };
		B7E77D201D912524005AA7B6 /* main.cpp in Sources */ = {isa = PBXBuildFile; fileRef = B7E77D1F1D912524005AA7B6 /* main.cpp */; };
		B7E77D281D91255B005AA7B6 /* OpenGL.framework in Frameworks */ = {isa = PBXBuildFile; fileRef = B7E77D271D91255B005AA7B6 /* OpenGL.framework */; };
		B7E77D2A1D912561005AA7B6 /* GLUT.framework in Frameworks */ = {isa = PBXBuildFile; fileRef = B7E77D291D912561005AA7B6 /* GLUT.framework */; };
		B7E77D2D1D912646005AA7B6 /* Shader.cpp in Sources */ = {isa = PBXBuildFile; fileRef = B7E77D2B1D912646005AA7B6 /* Shader.cpp */; };
/* End PBXBuildFile section */

/* Begin PBXCopyFilesBuildPhase section */
		B7E77D1A1D912523005AA7B6 /* CopyFiles */ = {
			isa = PBXCopyFilesBuildPhase;
			buildActionMask = 12;
			dstPath = "";
			dstSubfolderSpec = 16;
			files = (
				441E9FE11E0AA02D0000B277 /* earthShader.fsh in CopyFiles */,
				441E9FE21E0AA02D0000B277 /* earthShader.vsh in CopyFiles */,
				444A96B11E0A99B10052CC06 /* sunShader.fsh in CopyFiles */,
				444A96B21E0A99B10052CC06 /* sunShader.vsh in CopyFiles */,
				444A96B31E0A99B10052CC06 /* universeShader.fsh in CopyFiles */,
				444A96B41E0A99B10052CC06 /* universeShader.vsh in CopyFiles */,
			);
			runOnlyForDeploymentPostprocessing = 0;
		};
/* End PBXCopyFilesBuildPhase section */

/* Begin PBXFileReference section */
		440F03F61D9BA1C7009DF082 /* tiny_obj_loader.h */ = {isa = PBXFileReference; fileEncoding = 4; lastKnownFileType = sourcecode.c.h; path = tiny_obj_loader.h; sourceTree = "<group>"; };
		441E9FDF1E0AA01F0000B277 /* earthShader.fsh */ = {isa = PBXFileReference; fileEncoding = 4; lastKnownFileType = sourcecode.glsl; name = earthShader.fsh; path = shaders/earthShader.fsh; sourceTree = "<group>"; };
		441E9FE01E0AA01F0000B277 /* earthShader.vsh */ = {isa = PBXFileReference; fileEncoding = 4; lastKnownFileType = sourcecode.glsl; name = earthShader.vsh; path = shaders/earthShader.vsh; sourceTree = "<group>"; };
		444A96AB1E0A99A30052CC06 /* sunShader.fsh */ = {isa = PBXFileReference; fileEncoding = 4; lastKnownFileType = sourcecode.glsl; name = sunShader.fsh; path = shaders/sunShader.fsh; sourceTree = "<group>"; };
		444A96AC1E0A99A30052CC06 /* sunShader.vsh */ = {isa = PBXFileReference; fileEncoding = 4; lastKnownFileType = sourcecode.glsl; name = sunShader.vsh; path = shaders/sunShader.vsh; sourceTree = "<group>"; };
		444A96AD1E0A99A30052CC06 /* universeShader.fsh */ = {isa = PBXFileReference; fileEncoding = 4; lastKnownFileType = sourcecode.glsl; name = universeShader.fsh; path = shaders/universeShader.fsh; sourceTree = "<group>"; };
		444A96AE1E0A99A30052CC06 /* universeShader.vsh */ = {isa = PBXFileReference; fileEncoding = 4; lastKnownFileType = sourcecode.glsl; name = universeShader.vsh; path = shaders/universeShader.vsh; sourceTree = "<group>"; };
		44974F991E0B13C300B329CA /* earthmap.bmp */ = {isa = PBXFileReference; lastKnownFileType = image.bmp; name = earthmap.bmp; path = textures/earthmap.bmp; sourceTree = "<group>"; };
		44974F9A1E0B13C300B329CA /* earthnormal.bmp */ = {isa = PBXFileReference; lastKnownFileType = image.bmp; name = earthnormal.bmp; path = textures/earthnormal.bmp; sourceTree = "<group>"; };
		44974F9B1E0B13C300B329CA /* earthspecular.bmp */ = {isa = PBXFileReference; lastKnownFileType = image.bmp; name = earthspecular.bmp; path = textures/earthspecular.bmp; sourceTree = "<group>"; };
		44974F9C1E0B13C300B329CA /* milkywaymap.bmp */ = {isa = PBXFileReference; lastKnownFileType = image.bmp; name = milkywaymap.bmp; path = textures/milkywaymap.bmp; sourceTree = "<group>"; };
		44974F9D1E0B13C300B329CA /* sunmap.bmp */ = {isa = PBXFileReference; lastKnownFileType = image.bmp; name = sunmap.bmp; path = textures/sunmap.bmp; sourceTree = "<group>"; };
		44BD968A1DC9CFF900635405 /* imageloader.cpp */ = {isa = PBXFileReference; fileEncoding = 4; lastKnownFileType = sourcecode.cpp.cpp; path = imageloader.cpp; sourceTree = "<group>"; };
		44BD968B1DC9CFF900635405 /* imageloader.h */ = {isa = PBXFileReference; fileEncoding = 4; lastKnownFileType = sourcecode.c.h; path = imageloader.h; sourceTree = "<group>"; };
		44BD968C1DC9CFF900635405 /* sphere.obj */ = {isa = PBXFileReference; fileEncoding = 4; lastKnownFileType = text; path = sphere.obj; sourceTree = "<group>"; };
		B7E77D1C1D912524005AA7B6 /* GLUT_boilerplate_mac */ = {isa = PBXFileReference; explicitFileType = "compiled.mach-o.executable"; includeInIndex = 0; path = GLUT_boilerplate_mac; sourceTree = BUILT_PRODUCTS_DIR; };
		B7E77D1F1D912524005AA7B6 /* main.cpp */ = {isa = PBXFileReference; lastKnownFileType = sourcecode.cpp.cpp; path = main.cpp; sourceTree = "<group>"; };
		B7E77D271D91255B005AA7B6 /* OpenGL.framework */ = {isa = PBXFileReference; lastKnownFileType = wrapper.framework; name = OpenGL.framework; path = System/Library/Frameworks/OpenGL.framework; sourceTree = SDKROOT; };
		B7E77D291D912561005AA7B6 /* GLUT.framework */ = {isa = PBXFileReference; lastKnownFileType = wrapper.framework; name = GLUT.framework; path = System/Library/Frameworks/GLUT.framework; sourceTree = SDKROOT; };
		B7E77D2B1D912646005AA7B6 /* Shader.cpp */ = {isa = PBXFileReference; fileEncoding = 4; lastKnownFileType = sourcecode.cpp.cpp; path = Shader.cpp; sourceTree = "<group>"; };
		B7E77D2C1D912646005AA7B6 /* Shader.h */ = {isa = PBXFileReference; fileEncoding = 4; lastKnownFileType = sourcecode.c.h; path = Shader.h; sourceTree = "<group>"; };
/* End PBXFileReference section */

/* Begin PBXFrameworksBuildPhase section */
		B7E77D191D912523005AA7B6 /* Frameworks */ = {
			isa = PBXFrameworksBuildPhase;
			buildActionMask = 2147483647;
			files = (
				B7E77D2A1D912561005AA7B6 /* GLUT.framework in Frameworks */,
				B7E77D281D91255B005AA7B6 /* OpenGL.framework in Frameworks */,
			);
			runOnlyForDeploymentPostprocessing = 0;
		};
/* End PBXFrameworksBuildPhase section */

/* Begin PBXGroup section */
		B7E77D131D912523005AA7B6 = {
			isa = PBXGroup;
			children = (
				B7E77D1E1D912524005AA7B6 /* GLUT_boilerplate_mac */,
				B7E77D1D1D912524005AA7B6 /* Products */,
				B7E77D261D91255B005AA7B6 /* Frameworks */,
			);
			sourceTree = "<group>";
		};
		B7E77D1D1D912524005AA7B6 /* Products */ = {
			isa = PBXGroup;
			children = (
				B7E77D1C1D912524005AA7B6 /* GLUT_boilerplate_mac */,
			);
			name = Products;
			sourceTree = "<group>";
		};
		B7E77D1E1D912524005AA7B6 /* GLUT_boilerplate_mac */ = {
			isa = PBXGroup;
			children = (
				B7E77D1F1D912524005AA7B6 /* main.cpp */,
				44BD968B1DC9CFF900635405 /* imageloader.h */,
				44BD968A1DC9CFF900635405 /* imageloader.cpp */,
				B7E77D2B1D912646005AA7B6 /* Shader.cpp */,
				B7E77D2C1D912646005AA7B6 /* Shader.h */,
				440F03F61D9BA1C7009DF082 /* tiny_obj_loader.h */,
				44BD968C1DC9CFF900635405 /* sphere.obj */,
				441E9FDF1E0AA01F0000B277 /* earthShader.fsh */,
				441E9FE01E0AA01F0000B277 /* earthShader.vsh */,
				444A96AB1E0A99A30052CC06 /* sunShader.fsh */,
				444A96AC1E0A99A30052CC06 /* sunShader.vsh */,
				444A96AD1E0A99A30052CC06 /* universeShader.fsh */,
				444A96AE1E0A99A30052CC06 /* universeShader.vsh */,
				44974F991E0B13C300B329CA /* earthmap.bmp */,
				44974F9A1E0B13C300B329CA /* earthnormal.bmp */,
				44974F9B1E0B13C300B329CA /* earthspecular.bmp */,
				44974F9C1E0B13C300B329CA /* milkywaymap.bmp */,
				44974F9D1E0B13C300B329CA /* sunmap.bmp */,
			);
			path = GLUT_boilerplate_mac;
			sourceTree = "<group>";
		};
		B7E77D261D91255B005AA7B6 /* Frameworks */ = {
			isa = PBXGroup;
			children = (
				B7E77D291D912561005AA7B6 /* GLUT.framework */,
				B7E77D271D91255B005AA7B6 /* OpenGL.framework */,
			);
			name = Frameworks;
			sourceTree = "<group>";
		};
/* End PBXGroup section */

/* Begin PBXNativeTarget section */
		B7E77D1B1D912523005AA7B6 /* GLUT_boilerplate_mac */ = {
			isa = PBXNativeTarget;
			buildConfigurationList = B7E77D231D912524005AA7B6 /* Build configuration list for PBXNativeTarget "GLUT_boilerplate_mac" */;
			buildPhases = (
				B7E77D181D912523005AA7B6 /* Sources */,
				B7E77D191D912523005AA7B6 /* Frameworks */,
				B7E77D1A1D912523005AA7B6 /* CopyFiles */,
			);
			buildRules = (
			);
			dependencies = (
			);
			name = GLUT_boilerplate_mac;
			productName = GLUT_boilerplate_mac;
			productReference = B7E77D1C1D912524005AA7B6 /* GLUT_boilerplate_mac */;
			productType = "com.apple.product-type.tool";
		};
/* End PBXNativeTarget section */

/* Begin PBXProject section */
		B7E77D141D912523005AA7B6 /* Project object */ = {
			isa = PBXProject;
			attributes = {
				LastUpgradeCheck = 0810;
				ORGANIZATIONNAME = "Alun Evans";
				TargetAttributes = {
					B7E77D1B1D912523005AA7B6 = {
						CreatedOnToolsVersion = 8.0;
						ProvisioningStyle = Automatic;
					};
				};
			};
			buildConfigurationList = B7E77D171D912523005AA7B6 /* Build configuration list for PBXProject "GLUT_boilerplate_mac" */;
			compatibilityVersion = "Xcode 3.2";
			developmentRegion = English;
			hasScannedForEncodings = 0;
			knownRegions = (
				en,
			);
			mainGroup = B7E77D131D912523005AA7B6;
			productRefGroup = B7E77D1D1D912524005AA7B6 /* Products */;
			projectDirPath = "";
			projectRoot = "";
			targets = (
				B7E77D1B1D912523005AA7B6 /* GLUT_boilerplate_mac */,
			);
		};
/* End PBXProject section */

/* Begin PBXSourcesBuildPhase section */
		B7E77D181D912523005AA7B6 /* Sources */ = {
			isa = PBXSourcesBuildPhase;
			buildActionMask = 2147483647;
			files = (
				B7E77D2D1D912646005AA7B6 /* Shader.cpp in Sources */,
				B7E77D201D912524005AA7B6 /* main.cpp in Sources */,
				44BD968D1DC9CFF900635405 /* imageloader.cpp in Sources */,
			);
			runOnlyForDeploymentPostprocessing = 0;
		};
/* End PBXSourcesBuildPhase section */

/* Begin XCBuildConfiguration section */
		B7E77D211D912524005AA7B6 /* Debug */ = {
			isa = XCBuildConfiguration;
			buildSettings = {
				ALWAYS_SEARCH_USER_PATHS = NO;
				CLANG_ANALYZER_NONNULL = YES;
				CLANG_CXX_LANGUAGE_STANDARD = "gnu++0x";
				CLANG_CXX_LIBRARY = "libc++";
				CLANG_ENABLE_MODULES = YES;
				CLANG_ENABLE_OBJC_ARC = YES;
				CLANG_WARN_BOOL_CONVERSION = YES;
				CLANG_WARN_CONSTANT_CONVERSION = YES;
				CLANG_WARN_DIRECT_OBJC_ISA_USAGE = YES_ERROR;
				CLANG_WARN_DOCUMENTATION_COMMENTS = YES;
				CLANG_WARN_EMPTY_BODY = YES;
				CLANG_WARN_ENUM_CONVERSION = YES;
				CLANG_WARN_INFINITE_RECURSION = YES;
				CLANG_WARN_INT_CONVERSION = YES;
				CLANG_WARN_OBJC_ROOT_CLASS = YES_ERROR;
				CLANG_WARN_SUSPICIOUS_MOVE = YES;
				CLANG_WARN_SUSPICIOUS_MOVES = YES;
				CLANG_WARN_UNREACHABLE_CODE = YES;
				CLANG_WARN__DUPLICATE_METHOD_MATCH = YES;
				CODE_SIGN_IDENTITY = "-";
				COPY_PHASE_STRIP = NO;
				DEBUG_INFORMATION_FORMAT = dwarf;
				ENABLE_STRICT_OBJC_MSGSEND = YES;
				ENABLE_TESTABILITY = YES;
				GCC_C_LANGUAGE_STANDARD = gnu99;
				GCC_DYNAMIC_NO_PIC = NO;
				GCC_NO_COMMON_BLOCKS = YES;
				GCC_OPTIMIZATION_LEVEL = 0;
				GCC_PREPROCESSOR_DEFINITIONS = (
					"DEBUG=1",
					"$(inherited)",
				);
				GCC_WARN_64_TO_32_BIT_CONVERSION = YES;
				GCC_WARN_ABOUT_RETURN_TYPE = YES_ERROR;
				GCC_WARN_UNDECLARED_SELECTOR = YES;
				GCC_WARN_UNINITIALIZED_AUTOS = YES_AGGRESSIVE;
				GCC_WARN_UNUSED_FUNCTION = YES;
				GCC_WARN_UNUSED_VARIABLE = YES;
				MACOSX_DEPLOYMENT_TARGET = 10.11;
				MTL_ENABLE_DEBUG_INFO = YES;
				ONLY_ACTIVE_ARCH = YES;
				SDKROOT = macosx;
			};
			name = Debug;
		};
		B7E77D221D912524005AA7B6 /* Release */ = {
			isa = XCBuildConfiguration;
			buildSettings = {
				ALWAYS_SEARCH_USER_PATHS = NO;
				CLANG_ANALYZER_NONNULL = YES;
				CLANG_CXX_LANGUAGE_STANDARD = "gnu++0x";
				CLANG_CXX_LIBRARY = "libc++";
				CLANG_ENABLE_MODULES = YES;
				CLANG_ENABLE_OBJC_ARC = YES;
				CLANG_WARN_BOOL_CONVERSION = YES;
				CLANG_WARN_CONSTANT_CONVERSION = YES;
				CLANG_WARN_DIRECT_OBJC_ISA_USAGE = YES_ERROR;
				CLANG_WARN_DOCUMENTATION_COMMENTS = YES;
				CLANG_WARN_EMPTY_BODY = YES;
				CLANG_WARN_ENUM_CONVERSION = YES;
				CLANG_WARN_INFINITE_RECURSION = YES;
				CLANG_WARN_INT_CONVERSION = YES;
				CLANG_WARN_OBJC_ROOT_CLASS = YES_ERROR;
				CLANG_WARN_SUSPICIOUS_MOVE = YES;
				CLANG_WARN_SUSPICIOUS_MOVES = YES;
				CLANG_WARN_UNREACHABLE_CODE = YES;
				CLANG_WARN__DUPLICATE_METHOD_MATCH = YES;
				CODE_SIGN_IDENTITY = "-";
				COPY_PHASE_STRIP = NO;
				DEBUG_INFORMATION_FORMAT = "dwarf-with-dsym";
				ENABLE_NS_ASSERTIONS = NO;
				ENABLE_STRICT_OBJC_MSGSEND = YES;
				GCC_C_LANGUAGE_STANDARD = gnu99;
				GCC_NO_COMMON_BLOCKS = YES;
				GCC_WARN_64_TO_32_BIT_CONVERSION = YES;
				GCC_WARN_ABOUT_RETURN_TYPE = YES_ERROR;
				GCC_WARN_UNDECLARED_SELECTOR = YES;
				GCC_WARN_UNINITIALIZED_AUTOS = YES_AGGRESSIVE;
				GCC_WARN_UNUSED_FUNCTION = YES;
				GCC_WARN_UNUSED_VARIABLE = YES;
				MACOSX_DEPLOYMENT_TARGET = 10.11;
				MTL_ENABLE_DEBUG_INFO = NO;
				SDKROOT = macosx;
			};
			name = Release;
		};
		B7E77D241D912524005AA7B6 /* Debug */ = {
			isa = XCBuildConfiguration;
			buildSettings = {
				PRODUCT_NAME = "$(TARGET_NAME)";
			};
			name = Debug;
		};
		B7E77D251D912524005AA7B6 /* Release */ = {
			isa = XCBuildConfiguration;
			buildSettings = {
				PRODUCT_NAME = "$(TARGET_NAME)";
			};
			name = Release;
		};
/* End XCBuildConfiguration section */

/* Begin XCConfigurationList section */
		B7E77D171D912523005AA7B6 /* Build configuration list for PBXProject "GLUT_boilerplate_mac" */ = {
			isa = XCConfigurationList;
			buildConfigurations = (
				B7E77D211D912524005AA7B6 /* Debug */,
				B7E77D221D912524005AA7B6 /* Release */,
			);
			defaultConfigurationIsVisible = 0;
			defaultConfigurationName = Release;
		};
		B7E77D231D912524005AA7B6 /* Build configuration list for PBXNativeTarget "GLUT_boilerplate_mac" */ = {
			isa = XCConfigurationList;
			buildConfigurations = (
				B7E77D241D912524005AA7B6 /* Debug */,
				B7E77D251D912524005AA7B6 /* Release */,
			);
			defaultConfigurationIsVisible = 0;
			defaultConfigurationName = Release;
		};
/* End XCConfigurationList section */
	};
	rootObject = B7E77D141D912523005AA7B6 /* Project object */;
}
